{
  "nodes": {
    "flake-utils": {
      "inputs": {
        "systems": [
          "systems"
        ]
      },
      "locked": {
        "lastModified": 1731533236,
        "narHash": "sha256-l0KFg5HjrsfsO/JpG+r7fRrqm12kzFHyUHqHCVpMMbI=",
        "owner": "numtide",
        "repo": "flake-utils",
        "rev": "11707dc2f618dd54ca8739b309ec4fc024de578b",
        "type": "github"
      },
      "original": {
        "owner": "numtide",
        "repo": "flake-utils",
        "type": "github"
      }
    },
    "flake-utils_2": {
      "inputs": {
        "systems": "systems"
      },
      "locked": {
        "lastModified": 1731533236,
        "narHash": "sha256-l0KFg5HjrsfsO/JpG+r7fRrqm12kzFHyUHqHCVpMMbI=",
        "owner": "numtide",
        "repo": "flake-utils",
        "rev": "11707dc2f618dd54ca8739b309ec4fc024de578b",
        "type": "github"
      },
      "original": {
        "owner": "numtide",
        "repo": "flake-utils",
        "type": "github"
      }
    },
    "holesail-cpp": {
      "inputs": {
        "hyperdht-cpp": "hyperdht-cpp",
        "nixpkgs": "nixpkgs"
      },
      "locked": {
        "lastModified": 1788198424,
        "narHash": "sha256-5XtnmIYKMdWt7yXMnSWqwQWSJ9ESvKnutcPvQoCr/Ko=",
        "owner": "jjacke13",
        "repo": "holesail-cpp",
        "rev": "9f8659b496287a45400f2987fabca5a4243be669",
        "type": "github"
      },
      "original": {
        "owner": "jjacke13",
        "repo": "holesail-cpp",
        "type": "github"
      }
    },
    "hyperdht-cpp": {
      "inputs": {
        "libudx": "libudx",
        "nixpkgs": [
          "holesail-cpp",
          "nixpkgs"
        ],
        "nixpkgs-esp-dev": "nixpkgs-esp-dev"
      },
      "locked": {
        "lastModified": 1788197177,
        "narHash": "sha256-anXY96M32PCH2NH0GPe6DZEbSzxTPCz4feIobSuxbtQ=",
        "owner": "jjacke13",
        "repo": "hyperdht-cpp",
        "rev": "d6fae6eaab571405b504fb9928ec95ce74e128b5",
        "type": "github"
      },
      "original": {
        "owner": "jjacke13",
        "repo": "hyperdht-cpp",
        "type": "github"
      }
    },
    "libudx": {
      "flake": false,
      "locked": {
        "lastModified": 1774156281,
        "narHash": "sha256-YFCkXEEYK0lda3Q7M53HPc9RqjU9B/tbVFDYx+zqYJM=",
        "owner": "holepunchto",
        "repo": "libudx",
        "rev": "0420f6267110e919d3fcefb8d5de4385912eb353",
        "type": "github"
      },
      "original": {
        "owner": "holepunchto",
        "repo": "libudx",
        "rev": "0420f6267110e919d3fcefb8d5de4385912eb353",
        "type": "github"
      }
    },
    "nixpkgs": {
      "locked": {
        "lastModified": 1782847189,
        "narHash": "sha256-twXPFqFsrrY5r28Zh7Homgcp2gUMBgQ6WDS98Q/3xFI=",
        "owner": "NixOS",
        "repo": "nixpkgs",
        "rev": "b6018f87da91d19d0ab4cf979885689b469cdd41",
        "type": "github"
      },
      "original": {
        "owner": "NixOS",
        "ref": "nixos-25.11",
        "repo": "nixpkgs",
        "type": "github"
      }
    },
    "nixpkgs-esp-dev": {
      "inputs": {
        "flake-utils": "flake-utils_2",
        "nixpkgs": [
          "holesail-cpp",
          "hyperdht-cpp",
          "nixpkgs"
        ]
      },
      "locked": {
        "lastModified": 1767865407,
        "narHash": "sha256-QWF1rZYd+HvNzLIeRS+OEBX7HF0EhWCGeLbMkgtbsIo=",
        "owner": "mirrexagon",
        "repo": "nixpkgs-esp-dev",
        "rev": "5287d6e1ca9e15ebd5113c41b9590c468e1e001b",
        "type": "github"
      },
      "original": {
        "owner": "mirrexagon",
        "repo": "nixpkgs-esp-dev",
        "type": "github"
      }
    },
    "nixpkgs_2": {
      "locked": {
        "lastModified": 1766201043,
        "narHash": "sha256-eplAP+rorKKd0gNjV3rA6+0WMzb1X1i16F5m5pASnjA=",
        "owner": "nixos",
        "repo": "nixpkgs",
        "rev": "b3aad468604d3e488d627c0b43984eb60e75e782",
        "type": "github"
      },
      "original": {
        "owner": "nixos",
        "ref": "nixos-25.11",
        "repo": "nixpkgs",
        "type": "github"
      }
    },
    "root": {
      "inputs": {
        "flake-utils": "flake-utils",
        "holesail-cpp": "holesail-cpp",
        "nixpkgs": "nixpkgs_2",
        "systems": "systems_2"
      }
    },
    "systems": {
      "locked": {
        "lastModified": 1681028828,
        "narHash": "sha256-Vy1rq5AaRuLzOxct8nz4T6wlgyUR7zLU309k9mBC768=",
        "owner": "nix-systems",
        "repo": "default",
        "rev": "da67096a3b9bf56a91d16901293e51ba5b49a27e",
        "type": "github"
      },
      "original": {
        "owner": "nix-systems",
        "repo": "default",
        "type": "github"
      }
    },
    "systems_2": {
      "locked": {
        "lastModified": 1689347949,
        "narHash": "sha256-12tWmuL2zgBgZkdoB6qXZsgJEH9LR3oUgpaQq2RbI80=",
        "owner": "nix-systems",
        "repo": "default-linux",
        "rev": "31732fcf5e8fea42e59c2488ad31a0e651500f68",
        "type": "github"
      },
      "original": {
        "owner": "nix-systems",
        "repo": "default-linux",
        "type": "github"
      }
    }
  },
  "root": "root",
  "version": 7
}
